
Microsoft Visual Studio Solution File, Format Version 12.00
# Visual Studio 15
Project("{FAE04EC0-301F-11D3-BF4B-00C04F79EFBC}") = "HelloMultiPlatform.Android", "HelloMultiPlatform.Android\HelloMultiPlatform.Android.csproj", "{DBA43D19-9078-4F08-A487-2867DD614465}"
EndProject
Project("{FAE04EC0-301F-11D3-BF4B-00C04F79EFBC}") = "HelloMultiPlatform.iOS", "HelloMultiPlatform.iOS\HelloMultiPlatform.iOS.csproj", "{D89E92A5-B340-46A8-ACFC-1CD1FBE1E543}"
EndProject
Project("{FAE04EC0-301F-11D3-BF4B-00C04F79EFBC}") = "HelloMultiPlatform", "HelloMultiPlatform\HelloMultiPlatform.csproj", "{1F8FA22E-0743-4308-A5BD-421CCC8420A1}"
EndProject
Global
	GlobalSection(SolutionConfigurationPlatforms) = preSolution
		Debug|Any CPU = Debug|Any CPU
		Release|Any CPU = Release|Any CPU
		Debug|iPhoneSimulator = Debug|iPhoneSimulator
		Release|iPhoneSimulator = Release|iPhoneSimulator
		Debug|iPhone = Debug|iPhone
		Release|iPhone = Release|iPhone
	EndGlobalSection
	GlobalSection(ProjectConfigurationPlatforms) = postSolution
		{DBA43D19-9078-4F08-A487-2867DD614465}.Debug|Any CPU.ActiveCfg = Debug|Any CPU
		{DBA43D19-9078-4F08-A487-2867DD614465}.Debug|Any CPU.Build.0 = Debug|Any CPU
		{DBA43D19-9078-4F08-A487-2867DD614465}.Release|Any CPU.ActiveCfg = Release|Any CPU
		{DBA43D19-9078-4F08-A487-2867DD614465}.Release|Any CPU.Build.0 = Release|Any CPU
		{DBA43D19-9078-4F08-A487-2867DD614465}.Debug|iPhoneSimulator.ActiveCfg = Debug|Any CPU
		{DBA43D19-9078-4F08-A487-2867DD614465}.Debug|iPhoneSimulator.Build.0 = Debug|Any CPU
		{DBA43D19-9078-4F08-A487-2867DD614465}.Release|iPhoneSimulator.ActiveCfg = Release|Any CPU
		{DBA43D19-9078-4F08-A487-2867DD614465}.Release|iPhoneSimulator.Build.0 = Release|Any CPU
		{DBA43D19-9078-4F08-A487-2867DD614465}.Debug|iPhone.ActiveCfg = Debug|Any CPU
		{DBA43D19-9078-4F08-A487-2867DD614465}.Debug|iPhone.Build.0 = Debug|Any CPU
		{DBA43D19-9078-4F08-A487-2867DD614465}.Release|iPhone.ActiveCfg = Release|Any CPU
		{DBA43D19-9078-4F08-A487-2867DD614465}.Release|iPhone.Build.0 = Release|Any CPU
		{D89E92A5-B340-46A8-ACFC-1CD1FBE1E543}.Debug|Any CPU.ActiveCfg = Debug|iPhoneSimulator
		{D89E92A5-B340-46A8-ACFC-1CD1FBE1E543}.Debug|Any CPU.Build.0 = Debug|iPhoneSimulator
		{D89E92A5-B340-46A8-ACFC-1CD1FBE1E543}.Release|Any CPU.ActiveCfg = Release|iPhoneSimulator
		{D89E92A5-B340-46A8-ACFC-1CD1FBE1E543}.Release|Any CPU.Build.0 = Release|iPhoneSimulator
		{D89E92A5-B340-46A8-ACFC-1CD1FBE1E543}.Debug|iPhoneSimulator.ActiveCfg = Debug|iPhoneSimulator
		{D89E92A5-B340-46A8-ACFC-1CD1FBE1E543}.Debug|iPhoneSimulator.Build.0 = Debug|iPhoneSimulator
		{D89E92A5-B340-46A8-ACFC-1CD1FBE1E543}.Release|iPhoneSimulator.ActiveCfg = Release|iPhoneSimulator
		{D89E92A5-B340-46A8-ACFC-1CD1FBE1E543}.Release|iPhoneSimulator.Build.0 = Release|iPhoneSimulator
		{D89E92A5-B340-46A8-ACFC-1CD1FBE1E543}.Debug|iPhone.ActiveCfg = Debug|iPhone
		{D89E92A5-B340-46A8-ACFC-1CD1FBE1E543}.Debug|iPhone.Build.0 = Debug|iPhone
		{D89E92A5-B340-46A8-ACFC-1CD1FBE1E543}.Release|iPhone.ActiveCfg = Release|iPhone
		{D89E92A5-B340-46A8-ACFC-1CD1FBE1E543}.Release|iPhone.Build.0 = Release|iPhone
		{1F8FA22E-0743-4308-A5BD-421CCC8420A1}.Debug|Any CPU.ActiveCfg = Debug|Any CPU
		{1F8FA22E-0743-4308-A5BD-421CCC8420A1}.Debug|Any CPU.Build.0 = Debug|Any CPU
		{1F8FA22E-0743-4308-A5BD-421CCC8420A1}.Release|Any CPU.ActiveCfg = Release|Any CPU
		{1F8FA22E-0743-4308-A5BD-421CCC8420A1}.Release|Any CPU.Build.0 = Release|Any CPU
		{1F8FA22E-0743-4308-A5BD-421CCC8420A1}.Debug|iPhoneSimulator.ActiveCfg = Debug|Any CPU
		{1F8FA22E-0743-4308-A5BD-421CCC8420A1}.Debug|iPhoneSimulator.Build.0 = Debug|Any CPU
		{1F8FA22E-0743-4308-A5BD-421CCC8420A1}.Release|iPhoneSimulator.ActiveCfg = Release|Any CPU
		{1F8FA22E-0743-4308-A5BD-421CCC8420A1}.Release|iPhoneSimulator.Build.0 = Release|Any CPU
		{1F8FA22E-0743-4308-A5BD-421CCC8420A1}.Debug|iPhone.ActiveCfg = Debug|Any CPU
		{1F8FA22E-0743-4308-A5BD-421CCC8420A1}.Debug|iPhone.Build.0 = Debug|Any CPU
		{1F8FA22E-0743-4308-A5BD-421CCC8420A1}.Release|iPhone.ActiveCfg = Release|Any CPU
		{1F8FA22E-0743-4308-A5BD-421CCC8420A1}.Release|iPhone.Build.0 = Release|Any CPU
	EndGlobalSection
EndGlobal
