// !$*UTF8*$!
{
	archiveVersion = 1;
	classes = {
	};
	objectVersion = 50;
	objects = {

/* Begin PBXBuildFile section */
		3700FDF1244E0BA10062D7AC /* AppDelegate.swift in Sources */ = {isa = PBXBuildFile; fileRef = 3700FDF0244E0BA10062D7AC /* AppDelegate.swift */; };
		3700FDF3244E0BA10062D7AC /* SceneDelegate.swift in Sources */ = {isa = PBXBuildFile; fileRef = 3700FDF2244E0BA10062D7AC /* SceneDelegate.swift */; };
		3700FDF5244E0BA10062D7AC /* ContentView.swift in Sources */ = {isa = PBXBuildFile; fileRef = 3700FDF4244E0BA10062D7AC /* ContentView.swift */; };
		3700FDF7244E0BA20062D7AC /* Assets.xcassets in Resources */ = {isa = PBXBuildFile; fileRef = 3700FDF6244E0BA20062D7AC /* Assets.xcassets */; };
		3700FDFA244E0BA20062D7AC /* Preview Assets.xcassets in Resources */ = {isa = PBXBuildFile; fileRef = 3700FDF9244E0BA20062D7AC /* Preview Assets.xcassets */; };
		3700FDFD244E0BA20062D7AC /* LaunchScreen.storyboard in Resources */ = {isa = PBXBuildFile; fileRef = 3700FDFB244E0BA20062D7AC /* LaunchScreen.storyboard */; };
/* End PBXBuildFile section */

/* Begin PBXFileReference section */
		3700FDED244E0BA10062D7AC /* UISwift.app */ = {isa = PBXFileReference; explicitFileType = wrapper.application; includeInIndex = 0; path = UISwift.app; sourceTree = BUILT_PRODUCTS_DIR; };
		3700FDF0244E0BA10062D7AC /* AppDelegate.swift */ = {isa = PBXFileReference; lastKnownFileType = sourcecode.swift; path = AppDelegate.swift; sourceTree = "<group>"; };
		3700FDF2244E0BA10062D7AC /* SceneDelegate.swift */ = {isa = PBXFileReference; lastKnownFileType = sourcecode.swift; path = SceneDelegate.swift; sourceTree = "<group>"; };
		3700FDF4244E0BA10062D7AC /* ContentView.swift */ = {isa = PBXFileReference; lastKnownFileType = sourcecode.swift; path = ContentView.swift; sourceTree = "<group>"; };
		3700FDF6244E0BA20062D7AC /* Assets.xcassets */ = {isa = PBXFileReference; lastKnownFileType = folder.assetcatalog; path = Assets.xcassets; sourceTree = "<group>"; };
		3700FDF9244E0BA20062D7AC /* Preview Assets.xcassets */ = {isa = PBXFileReference; lastKnownFileType = folder.assetcatalog; path = "Preview Assets.xcassets"; sourceTree = "<group>"; };
		3700FDFC244E0BA20062D7AC /* Base */ = {isa = PBXFileReference; lastKnownFileType = file.storyboard; name = Base; path = Base.lproj/LaunchScreen.storyboard; sourceTree = "<group>"; };
		3700FDFE244E0BA20062D7AC /* Info.plist */ = {isa = PBXFileReference; lastKnownFileType = text.plist.xml; path = Info.plist; sourceTree = "<group>"; };
/* End PBXFileReference section */

/* Begin PBXFrameworksBuildPhase section */
		3700FDEA244E0BA10062D7AC /* Frameworks */ = {
			isa = PBXFrameworksBuildPhase;
			buildActionMask = 2147483647;
			files = (
			);
			runOnlyForDeploymentPostprocessing = 0;
		};
/* End PBXFrameworksBuildPhase section */

/* Begin PBXGroup section */
		3700FDE4244E0BA10062D7AC = {
			isa = PBXGroup;
			children = (
				3700FDEF244E0BA10062D7AC /* UISwift */,
				3700FDEE244E0BA10062D7AC /* Products */,
			);
			sourceTree = "<group>";
		};
		3700FDEE244E0BA10062D7AC /* Products */ = {
			isa = PBXGroup;
			children = (
				3700FDED244E0BA10062D7AC /* UISwift.app */,
			);
			name = Products;
			sourceTree = "<group>";
		};
		3700FDEF244E0BA10062D7AC /* UISwift */ = {
			isa = PBXGroup;
			children = (
				3700FDF0244E0BA10062D7AC /* AppDelegate.swift */,
				3700FDF2244E0BA10062D7AC /* SceneDelegate.swift */,
				3700FDF4244E0BA10062D7AC /* ContentView.swift */,
				3700FDF6244E0BA20062D7AC /* Assets.xcassets */,
				3700FDFB244E0BA20062D7AC /* LaunchScreen.storyboard */,
				3700FDFE244E0BA20062D7AC /* Info.plist */,
				3700FDF8244E0BA20062D7AC /* Preview Content */,
			);
			path = UISwift;
			sourceTree = "<group>";
		};
		3700FDF8244E0BA20062D7AC /* Preview Content */ = {
			isa = PBXGroup;
			children = (
				3700FDF9244E0BA20062D7AC /* Preview Assets.xcassets */,
			);
			path = "Preview Content";
			sourceTree = "<group>";
		};
/* End PBXGroup section */

/* Begin PBXNativeTarget section */
		3700FDEC244E0BA10062D7AC /* UISwift */ = {
			isa = PBXNativeTarget;
			buildConfigurationList = 3700FE01244E0BA20062D7AC /* Build configuration list for PBXNativeTarget "UISwift" */;
			buildPhases = (
				3700FDE9244E0BA10062D7AC /* Sources */,
				3700FDEA244E0BA10062D7AC /* Frameworks */,
				3700FDEB244E0BA10062D7AC /* Resources */,
			);
			buildRules = (
			);
			dependencies = (
			);
			name = UISwift;
			productName = UISwift;
			productReference = 3700FDED244E0BA10062D7AC /* UISwift.app */;
			productType = "com.apple.product-type.application";
		};
/* End PBXNativeTarget section */

/* Begin PBXProject section */
		3700FDE5244E0BA10062D7AC /* Project object */ = {
			isa = PBXProject;
			attributes = {
				LastSwiftUpdateCheck = 1140;
				LastUpgradeCheck = 1140;
				ORGANIZATIONNAME = "Alejandro Herrera Mendoza";
				TargetAttributes = {
					3700FDEC244E0BA10062D7AC = {
						CreatedOnToolsVersion = 11.4;
					};
				};
			};
			buildConfigurationList = 3700FDE8244E0BA10062D7AC /* Build configuration list for PBXProject "UISwift" */;
			compatibilityVersion = "Xcode 9.3";
			developmentRegion = en;
			hasScannedForEncodings = 0;
			knownRegions = (
				en,
				Base,
			);
			mainGroup = 3700FDE4244E0BA10062D7AC;
			productRefGroup = 3700FDEE244E0BA10062D7AC /* Products */;
			projectDirPath = "";
			projectRoot = "";
			targets = (
				3700FDEC244E0BA10062D7AC /* UISwift */,
			);
		};
/* End PBXProject section */

/* Begin PBXResourcesBuildPhase section */
		3700FDEB244E0BA10062D7AC /* Resources */ = {
			isa = PBXResourcesBuildPhase;
			buildActionMask = 2147483647;
			files = (
				3700FDFD244E0BA20062D7AC /* LaunchScreen.storyboard in Resources */,
				3700FDFA244E0BA20062D7AC /* Preview Assets.xcassets in Resources */,
				3700FDF7244E0BA20062D7AC /* Assets.xcassets in Resources */,
			);
			runOnlyForDeploymentPostprocessing = 0;
		};
/* End PBXResourcesBuildPhase section */

/* Begin PBXSourcesBuildPhase section */
		3700FDE9244E0BA10062D7AC /* Sources */ = {
			isa = PBXSourcesBuildPhase;
			buildActionMask = 2147483647;
			files = (
				3700FDF1244E0BA10062D7AC /* AppDelegate.swift in Sources */,
				3700FDF3244E0BA10062D7AC /* SceneDelegate.swift in Sources */,
				3700FDF5244E0BA10062D7AC /* ContentView.swift in Sources */,
			);
			runOnlyForDeploymentPostprocessing = 0;
		};
/* End PBXSourcesBuildPhase section */

/* Begin PBXVariantGroup section */
		3700FDFB244E0BA20062D7AC /* LaunchScreen.storyboard */ = {
			isa = PBXVariantGroup;
			children = (
				3700FDFC244E0BA20062D7AC /* Base */,
			);
			name = LaunchScreen.storyboard;
			sourceTree = "<group>";
		};
/* End PBXVariantGroup section */

/* Begin XCBuildConfiguration section */
		3700FDFF244E0BA20062D7AC /* Debug */ = {
			isa = XCBuildConfiguration;
			buildSettings = {
				ALWAYS_SEARCH_USER_PATHS = NO;
				CLANG_ANALYZER_NONNULL = YES;
				CLANG_ANALYZER_NUMBER_OBJECT_CONVERSION = YES_AGGRESSIVE;
				CLANG_CXX_LANGUAGE_STANDARD = "gnu++14";
				CLANG_CXX_LIBRARY = "libc++";
				CLANG_ENABLE_MODULES = YES;
				CLANG_ENABLE_OBJC_ARC = YES;
				CLANG_ENABLE_OBJC_WEAK = YES;
				CLANG_WARN_BLOCK_CAPTURE_AUTORELEASING = YES;
				CLANG_WARN_BOOL_CONVERSION = YES;
				CLANG_WARN_COMMA = YES;
				CLANG_WARN_CONSTANT_CONVERSION = YES;
				CLANG_WARN_DEPRECATED_OBJC_IMPLEMENTATIONS = YES;
				CLANG_WARN_DIRECT_OBJC_ISA_USAGE = YES_ERROR;
				CLANG_WARN_DOCUMENTATION_COMMENTS = YES;
				CLANG_WARN_EMPTY_BODY = YES;
				CLANG_WARN_ENUM_CONVERSION = YES;
				CLANG_WARN_INFINITE_RECURSION = YES;
				CLANG_WARN_INT_CONVERSION = YES;
				CLANG_WARN_NON_LITERAL_NULL_CONVERSION = YES;
				CLANG_WARN_OBJC_IMPLICIT_RETAIN_SELF = YES;
				CLANG_WARN_OBJC_LITERAL_CONVERSION = YES;
				CLANG_WARN_OBJC_ROOT_CLASS = YES_ERROR;
				CLANG_WARN_RANGE_LOOP_ANALYSIS = YES;
				CLANG_WARN_STRICT_PROTOTYPES = YES;
				CLANG_WARN_SUSPICIOUS_MOVE = YES;
				CLANG_WARN_UNGUARDED_AVAILABILITY = YES_AGGRESSIVE;
				CLANG_WARN_UNREACHABLE_CODE = YES;
				CLANG_WARN__DUPLICATE_METHOD_MATCH = YES;
				COPY_PHASE_STRIP = NO;
				DEBUG_INFORMATION_FORMAT = dwarf;
				ENABLE_STRICT_OBJC_MSGSEND = YES;
				ENABLE_TESTABILITY = YES;
				GCC_C_LANGUAGE_STANDARD = gnu11;
				GCC_DYNAMIC_NO_PIC = NO;
				GCC_NO_COMMON_BLOCKS = YES;
				GCC_OPTIMIZATION_LEVEL = 0;
				GCC_PREPROCESSOR_DEFINITIONS = (
					"DEBUG=1",
					"$(inherited)",
				);
				GCC_WARN_64_TO_32_BIT_CONVERSION = YES;
				GCC_WARN_ABOUT_RETURN_TYPE = YES_ERROR;
				GCC_WARN_UNDECLARED_SELECTOR = YES;
				GCC_WARN_UNINITIALIZED_AUTOS = YES_AGGRESSIVE;
				GCC_WARN_UNUSED_FUNCTION = YES;
				GCC_WARN_UNUSED_VARIABLE = YES;
				IPHONEOS_DEPLOYMENT_TARGET = 13.4;
				MTL_ENABLE_DEBUG_INFO = INCLUDE_SOURCE;
				MTL_FAST_MATH = YES;
				ONLY_ACTIVE_ARCH = YES;
				SDKROOT = iphoneos;
				SWIFT_ACTIVE_COMPILATION_CONDITIONS = DEBUG;
				SWIFT_OPTIMIZATION_LEVEL = "-Onone";
			};
			name = Debug;
		};
		3700FE00244E0BA20062D7AC /* Release */ = {
			isa = XCBuildConfiguration;
			buildSettings = {
				ALWAYS_SEARCH_USER_PATHS = NO;
				CLANG_ANALYZER_NONNULL = YES;
				CLANG_ANALYZER_NUMBER_OBJECT_CONVERSION = YES_AGGRESSIVE;
				CLANG_CXX_LANGUAGE_STANDARD = "gnu++14";
				CLANG_CXX_LIBRARY = "libc++";
				CLANG_ENABLE_MODULES = YES;
				CLANG_ENABLE_OBJC_ARC = YES;
				CLANG_ENABLE_OBJC_WEAK = YES;
				CLANG_WARN_BLOCK_CAPTURE_AUTORELEASING = YES;
				CLANG_WARN_BOOL_CONVERSION = YES;
				CLANG_WARN_COMMA = YES;
				CLANG_WARN_CONSTANT_CONVERSION = YES;
				CLANG_WARN_DEPRECATED_OBJC_IMPLEMENTATIONS = YES;
				CLANG_WARN_DIRECT_OBJC_ISA_USAGE = YES_ERROR;
				CLANG_WARN_DOCUMENTATION_COMMENTS = YES;
				CLANG_WARN_EMPTY_BODY = YES;
				CLANG_WARN_ENUM_CONVERSION = YES;
				CLANG_WARN_INFINITE_RECURSION = YES;
				CLANG_WARN_INT_CONVERSION = YES;
				CLANG_WARN_NON_LITERAL_NULL_CONVERSION = YES;
				CLANG_WARN_OBJC_IMPLICIT_RETAIN_SELF = YES;
				CLANG_WARN_OBJC_LITERAL_CONVERSION = YES;
				CLANG_WARN_OBJC_ROOT_CLASS = YES_ERROR;
				CLANG_WARN_RANGE_LOOP_ANALYSIS = YES;
				CLANG_WARN_STRICT_PROTOTYPES = YES;
				CLANG_WARN_SUSPICIOUS_MOVE = YES;
				CLANG_WARN_UNGUARDED_AVAILABILITY = YES_AGGRESSIVE;
				CLANG_WARN_UNREACHABLE_CODE = YES;
				CLANG_WARN__DUPLICATE_METHOD_MATCH = YES;
				COPY_PHASE_STRIP = NO;
				DEBUG_INFORMATION_FORMAT = "dwarf-with-dsym";
				ENABLE_NS_ASSERTIONS = NO;
				ENABLE_STRICT_OBJC_MSGSEND = YES;
				GCC_C_LANGUAGE_STANDARD = gnu11;
				GCC_NO_COMMON_BLOCKS = YES;
				GCC_WARN_64_TO_32_BIT_CONVERSION = YES;
				GCC_WARN_ABOUT_RETURN_TYPE = YES_ERROR;
				GCC_WARN_UNDECLARED_SELECTOR = YES;
				GCC_WARN_UNINITIALIZED_AUTOS = YES_AGGRESSIVE;
				GCC_WARN_UNUSED_FUNCTION = YES;
				GCC_WARN_UNUSED_VARIABLE = YES;
				IPHONEOS_DEPLOYMENT_TARGET = 13.4;
				MTL_ENABLE_DEBUG_INFO = NO;
				MTL_FAST_MATH = YES;
				SDKROOT = iphoneos;
				SWIFT_COMPILATION_MODE = wholemodule;
				SWIFT_OPTIMIZATION_LEVEL = "-O";
				VALIDATE_PRODUCT = YES;
			};
			name = Release;
		};
		3700FE02244E0BA20062D7AC /* Debug */ = {
			isa = XCBuildConfiguration;
			buildSettings = {
				ASSETCATALOG_COMPILER_APPICON_NAME = AppIcon;
				CODE_SIGN_STYLE = Automatic;
				DEVELOPMENT_ASSET_PATHS = "\"UISwift/Preview Content\"";
				ENABLE_PREVIEWS = YES;
				INFOPLIST_FILE = UISwift/Info.plist;
				IPHONEOS_DEPLOYMENT_TARGET = 13.2;
				LD_RUNPATH_SEARCH_PATHS = (
					"$(inherited)",
					"@executable_path/Frameworks",
				);
				PRODUCT_BUNDLE_IDENTIFIER = itst.UISwift;
				PRODUCT_NAME = "$(TARGET_NAME)";
				SWIFT_VERSION = 5.0;
				TARGETED_DEVICE_FAMILY = "1,2";
			};
			name = Debug;
		};
		3700FE03244E0BA20062D7AC /* Release */ = {
			isa = XCBuildConfiguration;
			buildSettings = {
				ASSETCATALOG_COMPILER_APPICON_NAME = AppIcon;
				CODE_SIGN_STYLE = Automatic;
				DEVELOPMENT_ASSET_PATHS = "\"UISwift/Preview Content\"";
				ENABLE_PREVIEWS = YES;
				INFOPLIST_FILE = UISwift/Info.plist;
				IPHONEOS_DEPLOYMENT_TARGET = 13.2;
				LD_RUNPATH_SEARCH_PATHS = (
					"$(inherited)",
					"@executable_path/Frameworks",
				);
				PRODUCT_BUNDLE_IDENTIFIER = itst.UISwift;
				PRODUCT_NAME = "$(TARGET_NAME)";
				SWIFT_VERSION = 5.0;
				TARGETED_DEVICE_FAMILY = "1,2";
			};
			name = Release;
		};
/* End XCBuildConfiguration section */

/* Begin XCConfigurationList section */
		3700FDE8244E0BA10062D7AC /* Build configuration list for PBXProject "UISwift" */ = {
			isa = XCConfigurationList;
			buildConfigurations = (
				3700FDFF244E0BA20062D7AC /* Debug */,
				3700FE00244E0BA20062D7AC /* Release */,
			);
			defaultConfigurationIsVisible = 0;
			defaultConfigurationName = Release;
		};
		3700FE01244E0BA20062D7AC /* Build configuration list for PBXNativeTarget "UISwift" */ = {
			isa = XCConfigurationList;
			buildConfigurations = (
				3700FE02244E0BA20062D7AC /* Debug */,
				3700FE03244E0BA20062D7AC /* Release */,
			);
			defaultConfigurationIsVisible = 0;
			defaultConfigurationName = Release;
		};
/* End XCConfigurationList section */
	};
	rootObject = 3700FDE5244E0BA10062D7AC /* Project object */;
}
