// !$*UTF8*$!
{
	archiveVersion = 1;
	classes = {
	};
	objectVersion = 50;
	objects = {

/* Begin PBXBuildFile section */
		370F4738244CCFBC0022A7F7 /* AppDelegate.swift in Sources */ = {isa = PBXBuildFile; fileRef = 370F4737244CCFBC0022A7F7 /* AppDelegate.swift */; };
		370F473A244CCFBC0022A7F7 /* SceneDelegate.swift in Sources */ = {isa = PBXBuildFile; fileRef = 370F4739244CCFBC0022A7F7 /* SceneDelegate.swift */; };
		370F473C244CCFBC0022A7F7 /* ViewController.swift in Sources */ = {isa = PBXBuildFile; fileRef = 370F473B244CCFBC0022A7F7 /* ViewController.swift */; };
		370F473F244CCFBC0022A7F7 /* Main.storyboard in Resources */ = {isa = PBXBuildFile; fileRef = 370F473D244CCFBC0022A7F7 /* Main.storyboard */; };
		370F4741244CCFBD0022A7F7 /* Assets.xcassets in Resources */ = {isa = PBXBuildFile; fileRef = 370F4740244CCFBD0022A7F7 /* Assets.xcassets */; };
		370F4744244CCFBD0022A7F7 /* LaunchScreen.storyboard in Resources */ = {isa = PBXBuildFile; fileRef = 370F4742244CCFBD0022A7F7 /* LaunchScreen.storyboard */; };
		370F474F244CCFBD0022A7F7 /* ProyectColorsTests.swift in Sources */ = {isa = PBXBuildFile; fileRef = 370F474E244CCFBD0022A7F7 /* ProyectColorsTests.swift */; };
		370F475A244CCFBD0022A7F7 /* ProyectColorsUITests.swift in Sources */ = {isa = PBXBuildFile; fileRef = 370F4759244CCFBD0022A7F7 /* ProyectColorsUITests.swift */; };
/* End PBXBuildFile section */

/* Begin PBXContainerItemProxy section */
		370F474B244CCFBD0022A7F7 /* PBXContainerItemProxy */ = {
			isa = PBXContainerItemProxy;
			containerPortal = 370F472C244CCFBC0022A7F7 /* Project object */;
			proxyType = 1;
			remoteGlobalIDString = 370F4733244CCFBC0022A7F7;
			remoteInfo = ProyectColors;
		};
		370F4756244CCFBD0022A7F7 /* PBXContainerItemProxy */ = {
			isa = PBXContainerItemProxy;
			containerPortal = 370F472C244CCFBC0022A7F7 /* Project object */;
			proxyType = 1;
			remoteGlobalIDString = 370F4733244CCFBC0022A7F7;
			remoteInfo = ProyectColors;
		};
/* End PBXContainerItemProxy section */

/* Begin PBXFileReference section */
		370F4734244CCFBC0022A7F7 /* ProyectColors.app */ = {isa = PBXFileReference; explicitFileType = wrapper.application; includeInIndex = 0; path = ProyectColors.app; sourceTree = BUILT_PRODUCTS_DIR; };
		370F4737244CCFBC0022A7F7 /* AppDelegate.swift */ = {isa = PBXFileReference; lastKnownFileType = sourcecode.swift; path = AppDelegate.swift; sourceTree = "<group>"; };
		370F4739244CCFBC0022A7F7 /* SceneDelegate.swift */ = {isa = PBXFileReference; lastKnownFileType = sourcecode.swift; path = SceneDelegate.swift; sourceTree = "<group>"; };
		370F473B244CCFBC0022A7F7 /* ViewController.swift */ = {isa = PBXFileReference; lastKnownFileType = sourcecode.swift; path = ViewController.swift; sourceTree = "<group>"; };
		370F473E244CCFBC0022A7F7 /* Base */ = {isa = PBXFileReference; lastKnownFileType = file.storyboard; name = Base; path = Base.lproj/Main.storyboard; sourceTree = "<group>"; };
		370F4740244CCFBD0022A7F7 /* Assets.xcassets */ = {isa = PBXFileReference; lastKnownFileType = folder.assetcatalog; path = Assets.xcassets; sourceTree = "<group>"; };
		370F4743244CCFBD0022A7F7 /* Base */ = {isa = PBXFileReference; lastKnownFileType = file.storyboard; name = Base; path = Base.lproj/LaunchScreen.storyboard; sourceTree = "<group>"; };
		370F4745244CCFBD0022A7F7 /* Info.plist */ = {isa = PBXFileReference; lastKnownFileType = text.plist.xml; path = Info.plist; sourceTree = "<group>"; };
		370F474A244CCFBD0022A7F7 /* ProyectColorsTests.xctest */ = {isa = PBXFileReference; explicitFileType = wrapper.cfbundle; includeInIndex = 0; path = ProyectColorsTests.xctest; sourceTree = BUILT_PRODUCTS_DIR; };
		370F474E244CCFBD0022A7F7 /* ProyectColorsTests.swift */ = {isa = PBXFileReference; lastKnownFileType = sourcecode.swift; path = ProyectColorsTests.swift; sourceTree = "<group>"; };
		370F4750244CCFBD0022A7F7 /* Info.plist */ = {isa = PBXFileReference; lastKnownFileType = text.plist.xml; path = Info.plist; sourceTree = "<group>"; };
		370F4755244CCFBD0022A7F7 /* ProyectColorsUITests.xctest */ = {isa = PBXFileReference; explicitFileType = wrapper.cfbundle; includeInIndex = 0; path = ProyectColorsUITests.xctest; sourceTree = BUILT_PRODUCTS_DIR; };
		370F4759244CCFBD0022A7F7 /* ProyectColorsUITests.swift */ = {isa = PBXFileReference; lastKnownFileType = sourcecode.swift; path = ProyectColorsUITests.swift; sourceTree = "<group>"; };
		370F475B244CCFBD0022A7F7 /* Info.plist */ = {isa = PBXFileReference; lastKnownFileType = text.plist.xml; path = Info.plist; sourceTree = "<group>"; };
/* End PBXFileReference section */

/* Begin PBXFrameworksBuildPhase section */
		370F4731244CCFBC0022A7F7 /* Frameworks */ = {
			isa = PBXFrameworksBuildPhase;
			buildActionMask = 2147483647;
			files = (
			);
			runOnlyForDeploymentPostprocessing = 0;
		};
		370F4747244CCFBD0022A7F7 /* Frameworks */ = {
			isa = PBXFrameworksBuildPhase;
			buildActionMask = 2147483647;
			files = (
			);
			runOnlyForDeploymentPostprocessing = 0;
		};
		370F4752244CCFBD0022A7F7 /* Frameworks */ = {
			isa = PBXFrameworksBuildPhase;
			buildActionMask = 2147483647;
			files = (
			);
			runOnlyForDeploymentPostprocessing = 0;
		};
/* End PBXFrameworksBuildPhase section */

/* Begin PBXGroup section */
		370F472B244CCFBC0022A7F7 = {
			isa = PBXGroup;
			children = (
				370F4736244CCFBC0022A7F7 /* ProyectColors */,
				370F474D244CCFBD0022A7F7 /* ProyectColorsTests */,
				370F4758244CCFBD0022A7F7 /* ProyectColorsUITests */,
				370F4735244CCFBC0022A7F7 /* Products */,
			);
			sourceTree = "<group>";
		};
		370F4735244CCFBC0022A7F7 /* Products */ = {
			isa = PBXGroup;
			children = (
				370F4734244CCFBC0022A7F7 /* ProyectColors.app */,
				370F474A244CCFBD0022A7F7 /* ProyectColorsTests.xctest */,
				370F4755244CCFBD0022A7F7 /* ProyectColorsUITests.xctest */,
			);
			name = Products;
			sourceTree = "<group>";
		};
		370F4736244CCFBC0022A7F7 /* ProyectColors */ = {
			isa = PBXGroup;
			children = (
				370F4737244CCFBC0022A7F7 /* AppDelegate.swift */,
				370F4739244CCFBC0022A7F7 /* SceneDelegate.swift */,
				370F473B244CCFBC0022A7F7 /* ViewController.swift */,
				370F473D244CCFBC0022A7F7 /* Main.storyboard */,
				370F4740244CCFBD0022A7F7 /* Assets.xcassets */,
				370F4742244CCFBD0022A7F7 /* LaunchScreen.storyboard */,
				370F4745244CCFBD0022A7F7 /* Info.plist */,
			);
			path = ProyectColors;
			sourceTree = "<group>";
		};
		370F474D244CCFBD0022A7F7 /* ProyectColorsTests */ = {
			isa = PBXGroup;
			children = (
				370F474E244CCFBD0022A7F7 /* ProyectColorsTests.swift */,
				370F4750244CCFBD0022A7F7 /* Info.plist */,
			);
			path = ProyectColorsTests;
			sourceTree = "<group>";
		};
		370F4758244CCFBD0022A7F7 /* ProyectColorsUITests */ = {
			isa = PBXGroup;
			children = (
				370F4759244CCFBD0022A7F7 /* ProyectColorsUITests.swift */,
				370F475B244CCFBD0022A7F7 /* Info.plist */,
			);
			path = ProyectColorsUITests;
			sourceTree = "<group>";
		};
/* End PBXGroup section */

/* Begin PBXNativeTarget section */
		370F4733244CCFBC0022A7F7 /* ProyectColors */ = {
			isa = PBXNativeTarget;
			buildConfigurationList = 370F475E244CCFBD0022A7F7 /* Build configuration list for PBXNativeTarget "ProyectColors" */;
			buildPhases = (
				370F4730244CCFBC0022A7F7 /* Sources */,
				370F4731244CCFBC0022A7F7 /* Frameworks */,
				370F4732244CCFBC0022A7F7 /* Resources */,
			);
			buildRules = (
			);
			dependencies = (
			);
			name = ProyectColors;
			productName = ProyectColors;
			productReference = 370F4734244CCFBC0022A7F7 /* ProyectColors.app */;
			productType = "com.apple.product-type.application";
		};
		370F4749244CCFBD0022A7F7 /* ProyectColorsTests */ = {
			isa = PBXNativeTarget;
			buildConfigurationList = 370F4761244CCFBD0022A7F7 /* Build configuration list for PBXNativeTarget "ProyectColorsTests" */;
			buildPhases = (
				370F4746244CCFBD0022A7F7 /* Sources */,
				370F4747244CCFBD0022A7F7 /* Frameworks */,
				370F4748244CCFBD0022A7F7 /* Resources */,
			);
			buildRules = (
			);
			dependencies = (
				370F474C244CCFBD0022A7F7 /* PBXTargetDependency */,
			);
			name = ProyectColorsTests;
			productName = ProyectColorsTests;
			productReference = 370F474A244CCFBD0022A7F7 /* ProyectColorsTests.xctest */;
			productType = "com.apple.product-type.bundle.unit-test";
		};
		370F4754244CCFBD0022A7F7 /* ProyectColorsUITests */ = {
			isa = PBXNativeTarget;
			buildConfigurationList = 370F4764244CCFBD0022A7F7 /* Build configuration list for PBXNativeTarget "ProyectColorsUITests" */;
			buildPhases = (
				370F4751244CCFBD0022A7F7 /* Sources */,
				370F4752244CCFBD0022A7F7 /* Frameworks */,
				370F4753244CCFBD0022A7F7 /* Resources */,
			);
			buildRules = (
			);
			dependencies = (
				370F4757244CCFBD0022A7F7 /* PBXTargetDependency */,
			);
			name = ProyectColorsUITests;
			productName = ProyectColorsUITests;
			productReference = 370F4755244CCFBD0022A7F7 /* ProyectColorsUITests.xctest */;
			productType = "com.apple.product-type.bundle.ui-testing";
		};
/* End PBXNativeTarget section */

/* Begin PBXProject section */
		370F472C244CCFBC0022A7F7 /* Project object */ = {
			isa = PBXProject;
			attributes = {
				LastSwiftUpdateCheck = 1140;
				LastUpgradeCheck = 1140;
				ORGANIZATIONNAME = "Alejandro Herrera Mendoza";
				TargetAttributes = {
					370F4733244CCFBC0022A7F7 = {
						CreatedOnToolsVersion = 11.4;
					};
					370F4749244CCFBD0022A7F7 = {
						CreatedOnToolsVersion = 11.4;
						TestTargetID = 370F4733244CCFBC0022A7F7;
					};
					370F4754244CCFBD0022A7F7 = {
						CreatedOnToolsVersion = 11.4;
						TestTargetID = 370F4733244CCFBC0022A7F7;
					};
				};
			};
			buildConfigurationList = 370F472F244CCFBC0022A7F7 /* Build configuration list for PBXProject "ProyectColors" */;
			compatibilityVersion = "Xcode 9.3";
			developmentRegion = en;
			hasScannedForEncodings = 0;
			knownRegions = (
				en,
				Base,
			);
			mainGroup = 370F472B244CCFBC0022A7F7;
			productRefGroup = 370F4735244CCFBC0022A7F7 /* Products */;
			projectDirPath = "";
			projectRoot = "";
			targets = (
				370F4733244CCFBC0022A7F7 /* ProyectColors */,
				370F4749244CCFBD0022A7F7 /* ProyectColorsTests */,
				370F4754244CCFBD0022A7F7 /* ProyectColorsUITests */,
			);
		};
/* End PBXProject section */

/* Begin PBXResourcesBuildPhase section */
		370F4732244CCFBC0022A7F7 /* Resources */ = {
			isa = PBXResourcesBuildPhase;
			buildActionMask = 2147483647;
			files = (
				370F4744244CCFBD0022A7F7 /* LaunchScreen.storyboard in Resources */,
				370F4741244CCFBD0022A7F7 /* Assets.xcassets in Resources */,
				370F473F244CCFBC0022A7F7 /* Main.storyboard in Resources */,
			);
			runOnlyForDeploymentPostprocessing = 0;
		};
		370F4748244CCFBD0022A7F7 /* Resources */ = {
			isa = PBXResourcesBuildPhase;
			buildActionMask = 2147483647;
			files = (
			);
			runOnlyForDeploymentPostprocessing = 0;
		};
		370F4753244CCFBD0022A7F7 /* Resources */ = {
			isa = PBXResourcesBuildPhase;
			buildActionMask = 2147483647;
			files = (
			);
			runOnlyForDeploymentPostprocessing = 0;
		};
/* End PBXResourcesBuildPhase section */

/* Begin PBXSourcesBuildPhase section */
		370F4730244CCFBC0022A7F7 /* Sources */ = {
			isa = PBXSourcesBuildPhase;
			buildActionMask = 2147483647;
			files = (
				370F473C244CCFBC0022A7F7 /* ViewController.swift in Sources */,
				370F4738244CCFBC0022A7F7 /* AppDelegate.swift in Sources */,
				370F473A244CCFBC0022A7F7 /* SceneDelegate.swift in Sources */,
			);
			runOnlyForDeploymentPostprocessing = 0;
		};
		370F4746244CCFBD0022A7F7 /* Sources */ = {
			isa = PBXSourcesBuildPhase;
			buildActionMask = 2147483647;
			files = (
				370F474F244CCFBD0022A7F7 /* ProyectColorsTests.swift in Sources */,
			);
			runOnlyForDeploymentPostprocessing = 0;
		};
		370F4751244CCFBD0022A7F7 /* Sources */ = {
			isa = PBXSourcesBuildPhase;
			buildActionMask = 2147483647;
			files = (
				370F475A244CCFBD0022A7F7 /* ProyectColorsUITests.swift in Sources */,
			);
			runOnlyForDeploymentPostprocessing = 0;
		};
/* End PBXSourcesBuildPhase section */

/* Begin PBXTargetDependency section */
		370F474C244CCFBD0022A7F7 /* PBXTargetDependency */ = {
			isa = PBXTargetDependency;
			target = 370F4733244CCFBC0022A7F7 /* ProyectColors */;
			targetProxy = 370F474B244CCFBD0022A7F7 /* PBXContainerItemProxy */;
		};
		370F4757244CCFBD0022A7F7 /* PBXTargetDependency */ = {
			isa = PBXTargetDependency;
			target = 370F4733244CCFBC0022A7F7 /* ProyectColors */;
			targetProxy = 370F4756244CCFBD0022A7F7 /* PBXContainerItemProxy */;
		};
/* End PBXTargetDependency section */

/* Begin PBXVariantGroup section */
		370F473D244CCFBC0022A7F7 /* Main.storyboard */ = {
			isa = PBXVariantGroup;
			children = (
				370F473E244CCFBC0022A7F7 /* Base */,
			);
			name = Main.storyboard;
			sourceTree = "<group>";
		};
		370F4742244CCFBD0022A7F7 /* LaunchScreen.storyboard */ = {
			isa = PBXVariantGroup;
			children = (
				370F4743244CCFBD0022A7F7 /* Base */,
			);
			name = LaunchScreen.storyboard;
			sourceTree = "<group>";
		};
/* End PBXVariantGroup section */

/* Begin XCBuildConfiguration section */
		370F475C244CCFBD0022A7F7 /* Debug */ = {
			isa = XCBuildConfiguration;
			buildSettings = {
				ALWAYS_SEARCH_USER_PATHS = NO;
				CLANG_ANALYZER_NONNULL = YES;
				CLANG_ANALYZER_NUMBER_OBJECT_CONVERSION = YES_AGGRESSIVE;
				CLANG_CXX_LANGUAGE_STANDARD = "gnu++14";
				CLANG_CXX_LIBRARY = "libc++";
				CLANG_ENABLE_MODULES = YES;
				CLANG_ENABLE_OBJC_ARC = YES;
				CLANG_ENABLE_OBJC_WEAK = YES;
				CLANG_WARN_BLOCK_CAPTURE_AUTORELEASING = YES;
				CLANG_WARN_BOOL_CONVERSION = YES;
				CLANG_WARN_COMMA = YES;
				CLANG_WARN_CONSTANT_CONVERSION = YES;
				CLANG_WARN_DEPRECATED_OBJC_IMPLEMENTATIONS = YES;
				CLANG_WARN_DIRECT_OBJC_ISA_USAGE = YES_ERROR;
				CLANG_WARN_DOCUMENTATION_COMMENTS = YES;
				CLANG_WARN_EMPTY_BODY = YES;
				CLANG_WARN_ENUM_CONVERSION = YES;
				CLANG_WARN_INFINITE_RECURSION = YES;
				CLANG_WARN_INT_CONVERSION = YES;
				CLANG_WARN_NON_LITERAL_NULL_CONVERSION = YES;
				CLANG_WARN_OBJC_IMPLICIT_RETAIN_SELF = YES;
				CLANG_WARN_OBJC_LITERAL_CONVERSION = YES;
				CLANG_WARN_OBJC_ROOT_CLASS = YES_ERROR;
				CLANG_WARN_RANGE_LOOP_ANALYSIS = YES;
				CLANG_WARN_STRICT_PROTOTYPES = YES;
				CLANG_WARN_SUSPICIOUS_MOVE = YES;
				CLANG_WARN_UNGUARDED_AVAILABILITY = YES_AGGRESSIVE;
				CLANG_WARN_UNREACHABLE_CODE = YES;
				CLANG_WARN__DUPLICATE_METHOD_MATCH = YES;
				COPY_PHASE_STRIP = NO;
				DEBUG_INFORMATION_FORMAT = dwarf;
				ENABLE_STRICT_OBJC_MSGSEND = YES;
				ENABLE_TESTABILITY = YES;
				GCC_C_LANGUAGE_STANDARD = gnu11;
				GCC_DYNAMIC_NO_PIC = NO;
				GCC_NO_COMMON_BLOCKS = YES;
				GCC_OPTIMIZATION_LEVEL = 0;
				GCC_PREPROCESSOR_DEFINITIONS = (
					"DEBUG=1",
					"$(inherited)",
				);
				GCC_WARN_64_TO_32_BIT_CONVERSION = YES;
				GCC_WARN_ABOUT_RETURN_TYPE = YES_ERROR;
				GCC_WARN_UNDECLARED_SELECTOR = YES;
				GCC_WARN_UNINITIALIZED_AUTOS = YES_AGGRESSIVE;
				GCC_WARN_UNUSED_FUNCTION = YES;
				GCC_WARN_UNUSED_VARIABLE = YES;
				IPHONEOS_DEPLOYMENT_TARGET = 13.4;
				MTL_ENABLE_DEBUG_INFO = INCLUDE_SOURCE;
				MTL_FAST_MATH = YES;
				ONLY_ACTIVE_ARCH = YES;
				SDKROOT = iphoneos;
				SWIFT_ACTIVE_COMPILATION_CONDITIONS = DEBUG;
				SWIFT_OPTIMIZATION_LEVEL = "-Onone";
			};
			name = Debug;
		};
		370F475D244CCFBD0022A7F7 /* Release */ = {
			isa = XCBuildConfiguration;
			buildSettings = {
				ALWAYS_SEARCH_USER_PATHS = NO;
				CLANG_ANALYZER_NONNULL = YES;
				CLANG_ANALYZER_NUMBER_OBJECT_CONVERSION = YES_AGGRESSIVE;
				CLANG_CXX_LANGUAGE_STANDARD = "gnu++14";
				CLANG_CXX_LIBRARY = "libc++";
				CLANG_ENABLE_MODULES = YES;
				CLANG_ENABLE_OBJC_ARC = YES;
				CLANG_ENABLE_OBJC_WEAK = YES;
				CLANG_WARN_BLOCK_CAPTURE_AUTORELEASING = YES;
				CLANG_WARN_BOOL_CONVERSION = YES;
				CLANG_WARN_COMMA = YES;
				CLANG_WARN_CONSTANT_CONVERSION = YES;
				CLANG_WARN_DEPRECATED_OBJC_IMPLEMENTATIONS = YES;
				CLANG_WARN_DIRECT_OBJC_ISA_USAGE = YES_ERROR;
				CLANG_WARN_DOCUMENTATION_COMMENTS = YES;
				CLANG_WARN_EMPTY_BODY = YES;
				CLANG_WARN_ENUM_CONVERSION = YES;
				CLANG_WARN_INFINITE_RECURSION = YES;
				CLANG_WARN_INT_CONVERSION = YES;
				CLANG_WARN_NON_LITERAL_NULL_CONVERSION = YES;
				CLANG_WARN_OBJC_IMPLICIT_RETAIN_SELF = YES;
				CLANG_WARN_OBJC_LITERAL_CONVERSION = YES;
				CLANG_WARN_OBJC_ROOT_CLASS = YES_ERROR;
				CLANG_WARN_RANGE_LOOP_ANALYSIS = YES;
				CLANG_WARN_STRICT_PROTOTYPES = YES;
				CLANG_WARN_SUSPICIOUS_MOVE = YES;
				CLANG_WARN_UNGUARDED_AVAILABILITY = YES_AGGRESSIVE;
				CLANG_WARN_UNREACHABLE_CODE = YES;
				CLANG_WARN__DUPLICATE_METHOD_MATCH = YES;
				COPY_PHASE_STRIP = NO;
				DEBUG_INFORMATION_FORMAT = "dwarf-with-dsym";
				ENABLE_NS_ASSERTIONS = NO;
				ENABLE_STRICT_OBJC_MSGSEND = YES;
				GCC_C_LANGUAGE_STANDARD = gnu11;
				GCC_NO_COMMON_BLOCKS = YES;
				GCC_WARN_64_TO_32_BIT_CONVERSION = YES;
				GCC_WARN_ABOUT_RETURN_TYPE = YES_ERROR;
				GCC_WARN_UNDECLARED_SELECTOR = YES;
				GCC_WARN_UNINITIALIZED_AUTOS = YES_AGGRESSIVE;
				GCC_WARN_UNUSED_FUNCTION = YES;
				GCC_WARN_UNUSED_VARIABLE = YES;
				IPHONEOS_DEPLOYMENT_TARGET = 13.4;
				MTL_ENABLE_DEBUG_INFO = NO;
				MTL_FAST_MATH = YES;
				SDKROOT = iphoneos;
				SWIFT_COMPILATION_MODE = wholemodule;
				SWIFT_OPTIMIZATION_LEVEL = "-O";
				VALIDATE_PRODUCT = YES;
			};
			name = Release;
		};
		370F475F244CCFBD0022A7F7 /* Debug */ = {
			isa = XCBuildConfiguration;
			buildSettings = {
				ASSETCATALOG_COMPILER_APPICON_NAME = AppIcon;
				CODE_SIGN_STYLE = Automatic;
				INFOPLIST_FILE = ProyectColors/Info.plist;
				IPHONEOS_DEPLOYMENT_TARGET = 8.0;
				LD_RUNPATH_SEARCH_PATHS = (
					"$(inherited)",
					"@executable_path/Frameworks",
				);
				PRODUCT_BUNDLE_IDENTIFIER = itst.ProyectColors;
				PRODUCT_NAME = "$(TARGET_NAME)";
				SWIFT_VERSION = 5.0;
				TARGETED_DEVICE_FAMILY = "1,2";
			};
			name = Debug;
		};
		370F4760244CCFBD0022A7F7 /* Release */ = {
			isa = XCBuildConfiguration;
			buildSettings = {
				ASSETCATALOG_COMPILER_APPICON_NAME = AppIcon;
				CODE_SIGN_STYLE = Automatic;
				INFOPLIST_FILE = ProyectColors/Info.plist;
				IPHONEOS_DEPLOYMENT_TARGET = 8.0;
				LD_RUNPATH_SEARCH_PATHS = (
					"$(inherited)",
					"@executable_path/Frameworks",
				);
				PRODUCT_BUNDLE_IDENTIFIER = itst.ProyectColors;
				PRODUCT_NAME = "$(TARGET_NAME)";
				SWIFT_VERSION = 5.0;
				TARGETED_DEVICE_FAMILY = "1,2";
			};
			name = Release;
		};
		370F4762244CCFBD0022A7F7 /* Debug */ = {
			isa = XCBuildConfiguration;
			buildSettings = {
				ALWAYS_EMBED_SWIFT_STANDARD_LIBRARIES = YES;
				BUNDLE_LOADER = "$(TEST_HOST)";
				CODE_SIGN_STYLE = Automatic;
				INFOPLIST_FILE = ProyectColorsTests/Info.plist;
				IPHONEOS_DEPLOYMENT_TARGET = 13.4;
				LD_RUNPATH_SEARCH_PATHS = (
					"$(inherited)",
					"@executable_path/Frameworks",
					"@loader_path/Frameworks",
				);
				PRODUCT_BUNDLE_IDENTIFIER = itst.ProyectColorsTests;
				PRODUCT_NAME = "$(TARGET_NAME)";
				SWIFT_VERSION = 5.0;
				TARGETED_DEVICE_FAMILY = "1,2";
				TEST_HOST = "$(BUILT_PRODUCTS_DIR)/ProyectColors.app/ProyectColors";
			};
			name = Debug;
		};
		370F4763244CCFBD0022A7F7 /* Release */ = {
			isa = XCBuildConfiguration;
			buildSettings = {
				ALWAYS_EMBED_SWIFT_STANDARD_LIBRARIES = YES;
				BUNDLE_LOADER = "$(TEST_HOST)";
				CODE_SIGN_STYLE = Automatic;
				INFOPLIST_FILE = ProyectColorsTests/Info.plist;
				IPHONEOS_DEPLOYMENT_TARGET = 13.4;
				LD_RUNPATH_SEARCH_PATHS = (
					"$(inherited)",
					"@executable_path/Frameworks",
					"@loader_path/Frameworks",
				);
				PRODUCT_BUNDLE_IDENTIFIER = itst.ProyectColorsTests;
				PRODUCT_NAME = "$(TARGET_NAME)";
				SWIFT_VERSION = 5.0;
				TARGETED_DEVICE_FAMILY = "1,2";
				TEST_HOST = "$(BUILT_PRODUCTS_DIR)/ProyectColors.app/ProyectColors";
			};
			name = Release;
		};
		370F4765244CCFBD0022A7F7 /* Debug */ = {
			isa = XCBuildConfiguration;
			buildSettings = {
				ALWAYS_EMBED_SWIFT_STANDARD_LIBRARIES = YES;
				CODE_SIGN_STYLE = Automatic;
				INFOPLIST_FILE = ProyectColorsUITests/Info.plist;
				LD_RUNPATH_SEARCH_PATHS = (
					"$(inherited)",
					"@executable_path/Frameworks",
					"@loader_path/Frameworks",
				);
				PRODUCT_BUNDLE_IDENTIFIER = itst.ProyectColorsUITests;
				PRODUCT_NAME = "$(TARGET_NAME)";
				SWIFT_VERSION = 5.0;
				TARGETED_DEVICE_FAMILY = "1,2";
				TEST_TARGET_NAME = ProyectColors;
			};
			name = Debug;
		};
		370F4766244CCFBD0022A7F7 /* Release */ = {
			isa = XCBuildConfiguration;
			buildSettings = {
				ALWAYS_EMBED_SWIFT_STANDARD_LIBRARIES = YES;
				CODE_SIGN_STYLE = Automatic;
				INFOPLIST_FILE = ProyectColorsUITests/Info.plist;
				LD_RUNPATH_SEARCH_PATHS = (
					"$(inherited)",
					"@executable_path/Frameworks",
					"@loader_path/Frameworks",
				);
				PRODUCT_BUNDLE_IDENTIFIER = itst.ProyectColorsUITests;
				PRODUCT_NAME = "$(TARGET_NAME)";
				SWIFT_VERSION = 5.0;
				TARGETED_DEVICE_FAMILY = "1,2";
				TEST_TARGET_NAME = ProyectColors;
			};
			name = Release;
		};
/* End XCBuildConfiguration section */

/* Begin XCConfigurationList section */
		370F472F244CCFBC0022A7F7 /* Build configuration list for PBXProject "ProyectColors" */ = {
			isa = XCConfigurationList;
			buildConfigurations = (
				370F475C244CCFBD0022A7F7 /* Debug */,
				370F475D244CCFBD0022A7F7 /* Release */,
			);
			defaultConfigurationIsVisible = 0;
			defaultConfigurationName = Release;
		};
		370F475E244CCFBD0022A7F7 /* Build configuration list for PBXNativeTarget "ProyectColors" */ = {
			isa = XCConfigurationList;
			buildConfigurations = (
				370F475F244CCFBD0022A7F7 /* Debug */,
				370F4760244CCFBD0022A7F7 /* Release */,
			);
			defaultConfigurationIsVisible = 0;
			defaultConfigurationName = Release;
		};
		370F4761244CCFBD0022A7F7 /* Build configuration list for PBXNativeTarget "ProyectColorsTests" */ = {
			isa = XCConfigurationList;
			buildConfigurations = (
				370F4762244CCFBD0022A7F7 /* Debug */,
				370F4763244CCFBD0022A7F7 /* Release */,
			);
			defaultConfigurationIsVisible = 0;
			defaultConfigurationName = Release;
		};
		370F4764244CCFBD0022A7F7 /* Build configuration list for PBXNativeTarget "ProyectColorsUITests" */ = {
			isa = XCConfigurationList;
			buildConfigurations = (
				370F4765244CCFBD0022A7F7 /* Debug */,
				370F4766244CCFBD0022A7F7 /* Release */,
			);
			defaultConfigurationIsVisible = 0;
			defaultConfigurationName = Release;
		};
/* End XCConfigurationList section */
	};
	rootObject = 370F472C244CCFBC0022A7F7 /* Project object */;
}
